
Microsoft Visual Studio Solution File, Format Version 12.00
# Visual Studio Version 17
VisualStudioVersion = 17.6.33829.357
MinimumVisualStudioVersion = 10.0.40219.1
Project("{FAE04EC0-301F-11D3-BF4B-00C04F79EFBC}") = "GrepolisTools", "GrepolisTools\GrepolisTools.csproj", "{24E7C82C-7F88-4F3C-8FE0-A323B0F6B786}"
EndProject
Global
	GlobalSection(SolutionConfigurationPlatforms) = preSolution
		Debug|Any CPU = Debug|Any CPU
		Release|Any CPU = Release|Any CPU
	EndGlobalSection
	GlobalSection(ProjectConfigurationPlatforms) = postSolution
		{24E7C82C-7F88-4F3C-8FE0-A323B0F6B786}.Debug|Any CPU.ActiveCfg = Debug|Any CPU
		{24E7C82C-7F88-4F3C-8FE0-A323B0F6B786}.Debug|Any CPU.Build.0 = Debug|Any CPU
		{24E7C82C-7F88-4F3C-8FE0-A323B0F6B786}.Release|Any CPU.ActiveCfg = Release|Any CPU
		{24E7C82C-7F88-4F3C-8FE0-A323B0F6B786}.Release|Any CPU.Build.0 = Release|Any CPU
	EndGlobalSection
	GlobalSection(SolutionProperties) = preSolution
		HideSolutionNode = FALSE
	EndGlobalSection
	GlobalSection(ExtensibilityGlobals) = postSolution
		SolutionGuid = {C49831C4-ACB0-4475-B6C8-A2A8E5D1DC13}
	EndGlobalSection
EndGlobal
